
Microsoft Visual Studio Solution File, Format Version 12.00
# Visual Studio Version 17
VisualStudioVersion = 17.4.33213.308
MinimumVisualStudioVersion = 10.0.40219.1
Project("{FAE04EC0-301F-11D3-BF4B-00C04F79EFBC}") = "MyFirstApp", "MyFirstApp\MyFirstApp.csproj", "{62EA671E-98AB-4CA6-A600-AB6CB3DEA110}"
EndProject
Global
	GlobalSection(SolutionConfigurationPlatforms) = preSolution
		Debug|Any CPU = Debug|Any CPU
		Release|Any CPU = Release|Any CPU
	EndGlobalSection
	GlobalSection(ProjectConfigurationPlatforms) = postSolution
		{62EA671E-98AB-4CA6-A600-AB6CB3DEA110}.Debug|Any CPU.ActiveCfg = Debug|Any CPU
		{62EA671E-98AB-4CA6-A600-AB6CB3DEA110}.Debug|Any CPU.Build.0 = Debug|Any CPU
		{62EA671E-98AB-4CA6-A600-AB6CB3DEA110}.Release|Any CPU.ActiveCfg = Release|Any CPU
		{62EA671E-98AB-4CA6-A600-AB6CB3DEA110}.Release|Any CPU.Build.0 = Release|Any CPU
	EndGlobalSection
	GlobalSection(SolutionProperties) = preSolution
		HideSolutionNode = FALSE
	EndGlobalSection
	GlobalSection(ExtensibilityGlobals) = postSolution
		SolutionGuid = {D1CBFFCC-5322-49F3-8BFA-E7C2E8202470}
	EndGlobalSection
EndGlobal
